
Microsoft Visual Studio Solution File, Format Version 12.00
# Visual Studio 15
VisualStudioVersion = 15.0.26124.0
MinimumVisualStudioVersion = 15.0.26124.0
Project("{2150E333-8FDC-42A3-9474-1A3956D46DE8}") = "src", "src", "{543F27E5-DACE-4382-8A7A-EF0D11E39303}"
EndProject
Project("{FAE04EC0-301F-11D3-BF4B-00C04F79EFBC}") = "CodeWars.Kata.ArrayDiff", "src\CodeWars.Kata.ArrayDiff\CodeWars.Kata.ArrayDiff.csproj", "{CE630C22-266D-4AEE-BA5A-E2AFC8C2BB16}"
EndProject
Project("{FAE04EC0-301F-11D3-BF4B-00C04F79EFBC}") = "CodeWars.Kata.FindTheOddInt", "src\CodeWars.Kata.FindTheOddInt\CodeWars.Kata.FindTheOddInt.csproj", "{1564AFAA-5FDF-4DAB-969D-A19851B45AFA}"
EndProject
Project("{FAE04EC0-301F-11D3-BF4B-00C04F79EFBC}") = "CodeWars.Kata.Mumbling", "src\CodeWars.Kata.Mumbling\CodeWars.Kata.Mumbling.csproj", "{3FCF6CC3-969C-4891-8D5A-BEFD8970A4A9}"
EndProject
Global
	GlobalSection(SolutionConfigurationPlatforms) = preSolution
		Debug|Any CPU = Debug|Any CPU
		Debug|x64 = Debug|x64
		Debug|x86 = Debug|x86
		Release|Any CPU = Release|Any CPU
		Release|x64 = Release|x64
		Release|x86 = Release|x86
	EndGlobalSection
	GlobalSection(SolutionProperties) = preSolution
		HideSolutionNode = FALSE
	EndGlobalSection
	GlobalSection(ProjectConfigurationPlatforms) = postSolution
		{CE630C22-266D-4AEE-BA5A-E2AFC8C2BB16}.Debug|Any CPU.ActiveCfg = Debug|Any CPU
		{CE630C22-266D-4AEE-BA5A-E2AFC8C2BB16}.Debug|Any CPU.Build.0 = Debug|Any CPU
		{CE630C22-266D-4AEE-BA5A-E2AFC8C2BB16}.Debug|x64.ActiveCfg = Debug|Any CPU
		{CE630C22-266D-4AEE-BA5A-E2AFC8C2BB16}.Debug|x64.Build.0 = Debug|Any CPU
		{CE630C22-266D-4AEE-BA5A-E2AFC8C2BB16}.Debug|x86.ActiveCfg = Debug|Any CPU
		{CE630C22-266D-4AEE-BA5A-E2AFC8C2BB16}.Debug|x86.Build.0 = Debug|Any CPU
		{CE630C22-266D-4AEE-BA5A-E2AFC8C2BB16}.Release|Any CPU.ActiveCfg = Release|Any CPU
		{CE630C22-266D-4AEE-BA5A-E2AFC8C2BB16}.Release|Any CPU.Build.0 = Release|Any CPU
		{CE630C22-266D-4AEE-BA5A-E2AFC8C2BB16}.Release|x64.ActiveCfg = Release|Any CPU
		{CE630C22-266D-4AEE-BA5A-E2AFC8C2BB16}.Release|x64.Build.0 = Release|Any CPU
		{CE630C22-266D-4AEE-BA5A-E2AFC8C2BB16}.Release|x86.ActiveCfg = Release|Any CPU
		{CE630C22-266D-4AEE-BA5A-E2AFC8C2BB16}.Release|x86.Build.0 = Release|Any CPU
		{1564AFAA-5FDF-4DAB-969D-A19851B45AFA}.Debug|Any CPU.ActiveCfg = Debug|Any CPU
		{1564AFAA-5FDF-4DAB-969D-A19851B45AFA}.Debug|Any CPU.Build.0 = Debug|Any CPU
		{1564AFAA-5FDF-4DAB-969D-A19851B45AFA}.Debug|x64.ActiveCfg = Debug|Any CPU
		{1564AFAA-5FDF-4DAB-969D-A19851B45AFA}.Debug|x64.Build.0 = Debug|Any CPU
		{1564AFAA-5FDF-4DAB-969D-A19851B45AFA}.Debug|x86.ActiveCfg = Debug|Any CPU
		{1564AFAA-5FDF-4DAB-969D-A19851B45AFA}.Debug|x86.Build.0 = Debug|Any CPU
		{1564AFAA-5FDF-4DAB-969D-A19851B45AFA}.Release|Any CPU.ActiveCfg = Release|Any CPU
		{1564AFAA-5FDF-4DAB-969D-A19851B45AFA}.Release|Any CPU.Build.0 = Release|Any CPU
		{1564AFAA-5FDF-4DAB-969D-A19851B45AFA}.Release|x64.ActiveCfg = Release|Any CPU
		{1564AFAA-5FDF-4DAB-969D-A19851B45AFA}.Release|x64.Build.0 = Release|Any CPU
		{1564AFAA-5FDF-4DAB-969D-A19851B45AFA}.Release|x86.ActiveCfg = Release|Any CPU
		{1564AFAA-5FDF-4DAB-969D-A19851B45AFA}.Release|x86.Build.0 = Release|Any CPU
		{3FCF6CC3-969C-4891-8D5A-BEFD8970A4A9}.Debug|Any CPU.ActiveCfg = Debug|Any CPU
		{3FCF6CC3-969C-4891-8D5A-BEFD8970A4A9}.Debug|Any CPU.Build.0 = Debug|Any CPU
		{3FCF6CC3-969C-4891-8D5A-BEFD8970A4A9}.Debug|x64.ActiveCfg = Debug|Any CPU
		{3FCF6CC3-969C-4891-8D5A-BEFD8970A4A9}.Debug|x64.Build.0 = Debug|Any CPU
		{3FCF6CC3-969C-4891-8D5A-BEFD8970A4A9}.Debug|x86.ActiveCfg = Debug|Any CPU
		{3FCF6CC3-969C-4891-8D5A-BEFD8970A4A9}.Debug|x86.Build.0 = Debug|Any CPU
		{3FCF6CC3-969C-4891-8D5A-BEFD8970A4A9}.Release|Any CPU.ActiveCfg = Release|Any CPU
		{3FCF6CC3-969C-4891-8D5A-BEFD8970A4A9}.Release|Any CPU.Build.0 = Release|Any CPU
		{3FCF6CC3-969C-4891-8D5A-BEFD8970A4A9}.Release|x64.ActiveCfg = Release|Any CPU
		{3FCF6CC3-969C-4891-8D5A-BEFD8970A4A9}.Release|x64.Build.0 = Release|Any CPU
		{3FCF6CC3-969C-4891-8D5A-BEFD8970A4A9}.Release|x86.ActiveCfg = Release|Any CPU
		{3FCF6CC3-969C-4891-8D5A-BEFD8970A4A9}.Release|x86.Build.0 = Release|Any CPU
	EndGlobalSection
	GlobalSection(NestedProjects) = preSolution
		{CE630C22-266D-4AEE-BA5A-E2AFC8C2BB16} = {543F27E5-DACE-4382-8A7A-EF0D11E39303}
		{1564AFAA-5FDF-4DAB-969D-A19851B45AFA} = {543F27E5-DACE-4382-8A7A-EF0D11E39303}
		{3FCF6CC3-969C-4891-8D5A-BEFD8970A4A9} = {543F27E5-DACE-4382-8A7A-EF0D11E39303}
	EndGlobalSection
EndGlobal
